
Microsoft Visual Studio Solution File, Format Version 12.00
# Visual Studio 15
VisualStudioVersion = 15.0.27703.2042
MinimumVisualStudioVersion = 10.0.40219.1
Project("{FAE04EC0-301F-11D3-BF4B-00C04F79EFBC}") = "ASP Core MVC Template", "ASP Core MVC Template\ASP Core MVC Template.csproj", "{27264A1A-9824-48E3-ABF1-6EC11573CC60}"
EndProject
Global
	GlobalSection(SolutionConfigurationPlatforms) = preSolution
		Debug|Any CPU = Debug|Any CPU
		Release|Any CPU = Release|Any CPU
	EndGlobalSection
	GlobalSection(ProjectConfigurationPlatforms) = postSolution
		{27264A1A-9824-48E3-ABF1-6EC11573CC60}.Debug|Any CPU.ActiveCfg = Debug|Any CPU
		{27264A1A-9824-48E3-ABF1-6EC11573CC60}.Debug|Any CPU.Build.0 = Debug|Any CPU
		{27264A1A-9824-48E3-ABF1-6EC11573CC60}.Release|Any CPU.ActiveCfg = Release|Any CPU
		{27264A1A-9824-48E3-ABF1-6EC11573CC60}.Release|Any CPU.Build.0 = Release|Any CPU
	EndGlobalSection
	GlobalSection(SolutionProperties) = preSolution
		HideSolutionNode = FALSE
	EndGlobalSection
	GlobalSection(ExtensibilityGlobals) = postSolution
		SolutionGuid = {812D2C5B-0481-4C9E-835A-EC79C63C90BF}
	EndGlobalSection
EndGlobal
